
Microsoft Visual Studio Solution File, Format Version 12.00
# Visual Studio Version 17
VisualStudioVersion = 17.8.34511.84
MinimumVisualStudioVersion = 10.0.40219.1
Project("{FAE04EC0-301F-11D3-BF4B-00C04F79EFBC}") = "LearnMyCalculatorApp", "LearnMyCalculatorApp\LearnMyCalculatorApp.csproj", "{3AD54BEC-8D67-4576-85E9-E56BB20F6F96}"
EndProject
Project("{FAE04EC0-301F-11D3-BF4B-00C04F79EFBC}") = "LearnMyCalculatorApp.Tests", "LearnMyCalculatorApp.Tests\LearnMyCalculatorApp.Tests.csproj", "{D72FA39A-28A7-442F-B3F2-310472A0157A}"
EndProject
Global
	GlobalSection(SolutionConfigurationPlatforms) = preSolution
		Debug|Any CPU = Debug|Any CPU
		Release|Any CPU = Release|Any CPU
	EndGlobalSection
	GlobalSection(ProjectConfigurationPlatforms) = postSolution
		{3AD54BEC-8D67-4576-85E9-E56BB20F6F96}.Debug|Any CPU.ActiveCfg = Debug|Any CPU
		{3AD54BEC-8D67-4576-85E9-E56BB20F6F96}.Debug|Any CPU.Build.0 = Debug|Any CPU
		{3AD54BEC-8D67-4576-85E9-E56BB20F6F96}.Release|Any CPU.ActiveCfg = Release|Any CPU
		{3AD54BEC-8D67-4576-85E9-E56BB20F6F96}.Release|Any CPU.Build.0 = Release|Any CPU
		{D72FA39A-28A7-442F-B3F2-310472A0157A}.Debug|Any CPU.ActiveCfg = Debug|Any CPU
		{D72FA39A-28A7-442F-B3F2-310472A0157A}.Debug|Any CPU.Build.0 = Debug|Any CPU
		{D72FA39A-28A7-442F-B3F2-310472A0157A}.Release|Any CPU.ActiveCfg = Release|Any CPU
		{D72FA39A-28A7-442F-B3F2-310472A0157A}.Release|Any CPU.Build.0 = Release|Any CPU
	EndGlobalSection
	GlobalSection(SolutionProperties) = preSolution
		HideSolutionNode = FALSE
	EndGlobalSection
	GlobalSection(ExtensibilityGlobals) = postSolution
		SolutionGuid = {ECF14A44-BC83-4B33-A00B-2504CCD8FA53}
	EndGlobalSection
EndGlobal
